# This file is automatically @generated by Cargo.
# It is not intended for manual editing.
version = 4

[[package]]
name = "kernel"
version = "0.1.0"

[[package]]
name = "kernel_loader"
version = "0.1.0"
dependencies = [
 "multiboot",
]

[[package]]
name = "multiboot"
version = "0.1.0"
dependencies = [
 "std",
]

[[package]]
name = "std"
version = "0.1.0"
